
Microsoft Visual Studio Solution File, Format Version 12.00
# Visual Studio 15
VisualStudioVersion = 15.0.27004.2006
MinimumVisualStudioVersion = 10.0.40219.1
Project("{FAE04EC0-301F-11D3-BF4B-00C04F79EFBC}") = "20171121_1_PruebasBucles", "20171121_PruebasBucles\20171121_1_PruebasBucles.csproj", "{61B3759D-7366-4B68-962C-41FDFF5E3EA7}"
EndProject
Project("{FAE04EC0-301F-11D3-BF4B-00C04F79EFBC}") = "20171121_2_PruebaFunciones", "20171121_2_PruebaFunciones\20171121_2_PruebaFunciones.csproj", "{E4FB82D5-8769-4F19-A04F-80CFE98D5C82}"
EndProject
Project("{FAE04EC0-301F-11D3-BF4B-00C04F79EFBC}") = "20171121_3_EjemploWhile", "20171121_3_EjemploWhile\20171121_3_EjemploWhile.csproj", "{3530A486-DCB9-470B-92CA-C9B794A99E92}"
EndProject
Project("{FAE04EC0-301F-11D3-BF4B-00C04F79EFBC}") = "20171121_4_EjemploDoWhile", "20171121_4_EjemploDoWhile\20171121_4_EjemploDoWhile.csproj", "{16D17B16-DDC1-4AEB-A849-7CCB3D2B0E15}"
EndProject
Project("{FAE04EC0-301F-11D3-BF4B-00C04F79EFBC}") = "20171128_1_ATortasConEl_IF", "20171128_1_ATortasConEl_IF\20171128_1_ATortasConEl_IF.csproj", "{4C624998-E8A3-4645-B9DE-394AA78314AD}"
EndProject
Project("{FAE04EC0-301F-11D3-BF4B-00C04F79EFBC}") = "20171128_1_YAhoraConEl_SWITCH", "20171128_1_YAhoraConEl_SWITCH\20171128_1_YAhoraConEl_SWITCH.csproj", "{A5DACC42-7133-4E87-AD7E-26D1435497C6}"
EndProject
Project("{FAE04EC0-301F-11D3-BF4B-00C04F79EFBC}") = "20171128_2_EjercicioPractico_if_switch", "20171128_2_EjercicioPractico_if_switch\20171128_2_EjercicioPractico_if_switch.csproj", "{1E1CAECF-FBEF-48CE-95CD-733DFF33D654}"
EndProject
Project("{FAE04EC0-301F-11D3-BF4B-00C04F79EFBC}") = "2017_12_05_EjercicioPreguntayRespuesta", "2017_12_05_EjercicioPreguntayRespuesta\2017_12_05_EjercicioPreguntayRespuesta.csproj", "{74A31772-C645-4EAA-9EFD-D1D0751E0C39}"
EndProject
Project("{FAE04EC0-301F-11D3-BF4B-00C04F79EFBC}") = "2017_12_05_EjercicioEquipacion", "2017_12_05_EjercicioEquipacion\2017_12_05_EjercicioEquipacion.csproj", "{EB5D6DDA-3B17-4045-B2EF-875BCAA9BC03}"
EndProject
Project("{FAE04EC0-301F-11D3-BF4B-00C04F79EFBC}") = "2017_12_05_EjercicioFlechaEnCarcaj", "2017_12_05_EjercicioFlechaEnCarcaj\2017_12_05_EjercicioFlechaEnCarcaj.csproj", "{4788CAAD-4EF9-4241-8150-EDEE6D6ED66F}"
EndProject
Project("{FAE04EC0-301F-11D3-BF4B-00C04F79EFBC}") = "2017_12_05_EjercicioDeInstancia", "2017_12_05_EjercicioDeInstancia\2017_12_05_EjercicioDeInstancia.csproj", "{90CDBA51-1391-466F-8149-E293E01AA7C0}"
EndProject
Project("{FAE04EC0-301F-11D3-BF4B-00C04F79EFBC}") = "2017_12_12_01_PruebaConGitHub", "2017_12_12_01_PruebaConGitHub\2017_12_12_01_PruebaConGitHub.csproj", "{2D17D57F-43FA-442B-8A0B-14B341E8482B}"
EndProject
Project("{FAE04EC0-301F-11D3-BF4B-00C04F79EFBC}") = "005_1_EjemploFunciones", "005_1_EjemploFunciones\005_1_EjemploFunciones.csproj", "{50C70807-8AFB-412A-9741-DDC1FE48D153}"
EndProject
Project("{FAE04EC0-301F-11D3-BF4B-00C04F79EFBC}") = "005_2_EjerciciosFunciones", "005_2_EjerciciosFunciones\005_2_EjerciciosFunciones.csproj", "{59B5D7A8-B55F-4CFB-86C9-744718F4CE71}"
EndProject
Project("{FAE04EC0-301F-11D3-BF4B-00C04F79EFBC}") = "005_3_Ejemplo_Fer_CambiadorLineaExcel", "005_3_Ejemplo_Fer_CambiadorLineaExcel\005_3_Ejemplo_Fer_CambiadorLineaExcel.csproj", "{9A2C4301-8CEB-4DDC-82D3-E8725621026B}"
EndProject
Project("{FAE04EC0-301F-11D3-BF4B-00C04F79EFBC}") = "Patrones_CP_Singleton", "Patrones_001_Singleton\Patrones_CP_Singleton.csproj", "{5C763E23-053B-41E5-8E14-DC4FABFD5054}"
EndProject
Project("{FAE04EC0-301F-11D3-BF4B-00C04F79EFBC}") = "Patrones_CP_Factory_Method", "Patrones_002_Factory_Method\Patrones_CP_Factory_Method.csproj", "{2DB3CD7C-588B-4702-B6FE-D291929F1ADE}"
EndProject
Project("{FAE04EC0-301F-11D3-BF4B-00C04F79EFBC}") = "Patrones_CP_Builder", "Patrones_003_Simple_Factory\Patrones_CP_Builder.csproj", "{1B522BBF-82E9-4ECF-BF31-102C1C9D9C75}"
EndProject
Project("{FAE04EC0-301F-11D3-BF4B-00C04F79EFBC}") = "Patrones_CP_Abstract_Factory", "Patrones_004_Abstract_Factory\Patrones_CP_Abstract_Factory.csproj", "{D4CDE755-5F2E-4423-9B55-22F1E58C706B}"
EndProject
Project("{FAE04EC0-301F-11D3-BF4B-00C04F79EFBC}") = "Patrones_SP_Decorator", "Patrones_005_Decorator\Patrones_SP_Decorator.csproj", "{DB43C5D2-B2E1-475C-974C-610395F1487F}"
EndProject
Project("{2150E333-8FDC-42A3-9474-1A3956D46DE8}") = "Notas", "Notas", "{CC2F1E9E-82BE-4898-9C9B-CBEEFA422578}"
	ProjectSection(SolutionItems) = preProject
		ComentarioCabeceraEstandar.txt = ComentarioCabeceraEstandar.txt
		Patrones_000_Notas.txt = Patrones_000_Notas.txt
	EndProjectSection
EndProject
Project("{FAE04EC0-301F-11D3-BF4B-00C04F79EFBC}") = "Patrones_CP_Prototype", "PatronesCP_004_Prototype\Patrones_CP_Prototype.csproj", "{349E9AF9-A6CD-40CB-9704-B980D2AFD5E7}"
EndProject
Project("{FAE04EC0-301F-11D3-BF4B-00C04F79EFBC}") = "Patrones_SP_Adapter", "Patrones_SP_Adapter\Patrones_SP_Adapter.csproj", "{E0EBF211-6750-4977-BF14-F75786BB071F}"
EndProject
Project("{FAE04EC0-301F-11D3-BF4B-00C04F79EFBC}") = "Patrones_SP_Bridge", "Patrones_SP_Bridge\Patrones_SP_Bridge.csproj", "{91863CAB-9AB4-44DC-A33A-CCD1B82F1B56}"
EndProject
Project("{FAE04EC0-301F-11D3-BF4B-00C04F79EFBC}") = "Patrones_SP_Composite", "Patrones_SP_Composite\Patrones_SP_Composite.csproj", "{F322CFF9-CD99-4D21-8859-F83DE531CA05}"
EndProject
Project("{FAE04EC0-301F-11D3-BF4B-00C04F79EFBC}") = "Patrones_SP_Facade", "Patrones_SP_Facade\Patrones_SP_Facade.csproj", "{A235280E-1046-4BDC-8C9B-105028883500}"
EndProject
Project("{FAE04EC0-301F-11D3-BF4B-00C04F79EFBC}") = "Patrones_SP_Flyweight", "Patrones_SP_Flyweight\Patrones_SP_Flyweight.csproj", "{3DBF06D3-FFF9-40B6-B8A2-C2C5EDAC44BE}"
EndProject
Project("{FAE04EC0-301F-11D3-BF4B-00C04F79EFBC}") = "Patrones_SP_Proxy", "Patrones_SP_Proxy\Patrones_SP_Proxy.csproj", "{B49C311E-6FC8-4B12-901A-7832A10873C0}"
EndProject
Project("{FAE04EC0-301F-11D3-BF4B-00C04F79EFBC}") = "Patrones_BP_ChainOfResponsability", "Patrones_BP_ChainOfResponsability\Patrones_BP_ChainOfResponsability.csproj", "{9CFCD091-8CA0-451D-B3DB-F254BB6A8306}"
EndProject
Project("{FAE04EC0-301F-11D3-BF4B-00C04F79EFBC}") = "Patrones_BP_Command", "Patrones_BP_Command\Patrones_BP_Command.csproj", "{E5F04703-111E-49B6-948A-66A0749FB007}"
EndProject
Project("{FAE04EC0-301F-11D3-BF4B-00C04F79EFBC}") = "Patrones_BP_Interpreter", "Patrones_BP_Interpreter\Patrones_BP_Interpreter.csproj", "{DFABB2BE-4AB3-439A-B692-7D8AB680024E}"
EndProject
Project("{FAE04EC0-301F-11D3-BF4B-00C04F79EFBC}") = "Patrones_BP_Iterator", "Patrones_BP_Iterator\Patrones_BP_Iterator.csproj", "{5454BA9C-C677-4BD8-AF8A-1C4285CFAC2E}"
EndProject
Project("{FAE04EC0-301F-11D3-BF4B-00C04F79EFBC}") = "Patrones_BP_Mediator", "Patrones_BP_Mediator\Patrones_BP_Mediator.csproj", "{CA064D21-05A7-46F3-9921-B7286098A4AE}"
EndProject
Project("{FAE04EC0-301F-11D3-BF4B-00C04F79EFBC}") = "Patrones_BP_Memento", "Patrones_BP_Memento\Patrones_BP_Memento.csproj", "{9E4F9170-BEA7-45EC-BFB1-2F773F3EEF1F}"
EndProject
Project("{FAE04EC0-301F-11D3-BF4B-00C04F79EFBC}") = "Patrones_BP_Observer", "Patrones_BP_Observer\Patrones_BP_Observer.csproj", "{7DAD9B07-A654-47FE-96C5-76F7BB44A15B}"
EndProject
Project("{FAE04EC0-301F-11D3-BF4B-00C04F79EFBC}") = "Patrones_BP_State", "Patrones_BP_State\Patrones_BP_State.csproj", "{96AC8B27-C235-47E9-8338-E8A57EA95C23}"
EndProject
Project("{FAE04EC0-301F-11D3-BF4B-00C04F79EFBC}") = "Patrones_BP_Strategy", "Patrones_BP_Strategy\Patrones_BP_Strategy.csproj", "{11B432EB-6A19-48CC-B8BA-639412B9C3CF}"
EndProject
Project("{FAE04EC0-301F-11D3-BF4B-00C04F79EFBC}") = "Patrones_BP_TemplateMethod", "TemplateMethod\Patrones_BP_TemplateMethod.csproj", "{073FB3B1-7B7D-4A0D-9F59-7727EAAAB1F0}"
EndProject
Project("{FAE04EC0-301F-11D3-BF4B-00C04F79EFBC}") = "Patrones_BP_Visitor", "Patrones_BP_Visitor\Patrones_BP_Visitor.csproj", "{0F860E7F-F4BC-4A37-8457-2560A1A0F6DC}"
EndProject
Global
	GlobalSection(SolutionConfigurationPlatforms) = preSolution
		Debug|Any CPU = Debug|Any CPU
		Debug|x64 = Debug|x64
		Debug|x86 = Debug|x86
		Release|Any CPU = Release|Any CPU
		Release|x64 = Release|x64
		Release|x86 = Release|x86
	EndGlobalSection
	GlobalSection(ProjectConfigurationPlatforms) = postSolution
		{61B3759D-7366-4B68-962C-41FDFF5E3EA7}.Debug|Any CPU.ActiveCfg = Debug|Any CPU
		{61B3759D-7366-4B68-962C-41FDFF5E3EA7}.Debug|Any CPU.Build.0 = Debug|Any CPU
		{61B3759D-7366-4B68-962C-41FDFF5E3EA7}.Debug|x64.ActiveCfg = Debug|Any CPU
		{61B3759D-7366-4B68-962C-41FDFF5E3EA7}.Debug|x64.Build.0 = Debug|Any CPU
		{61B3759D-7366-4B68-962C-41FDFF5E3EA7}.Debug|x86.ActiveCfg = Debug|Any CPU
		{61B3759D-7366-4B68-962C-41FDFF5E3EA7}.Debug|x86.Build.0 = Debug|Any CPU
		{61B3759D-7366-4B68-962C-41FDFF5E3EA7}.Release|Any CPU.ActiveCfg = Release|Any CPU
		{61B3759D-7366-4B68-962C-41FDFF5E3EA7}.Release|Any CPU.Build.0 = Release|Any CPU
		{61B3759D-7366-4B68-962C-41FDFF5E3EA7}.Release|x64.ActiveCfg = Release|Any CPU
		{61B3759D-7366-4B68-962C-41FDFF5E3EA7}.Release|x64.Build.0 = Release|Any CPU
		{61B3759D-7366-4B68-962C-41FDFF5E3EA7}.Release|x86.ActiveCfg = Release|Any CPU
		{61B3759D-7366-4B68-962C-41FDFF5E3EA7}.Release|x86.Build.0 = Release|Any CPU
		{E4FB82D5-8769-4F19-A04F-80CFE98D5C82}.Debug|Any CPU.ActiveCfg = Debug|Any CPU
		{E4FB82D5-8769-4F19-A04F-80CFE98D5C82}.Debug|Any CPU.Build.0 = Debug|Any CPU
		{E4FB82D5-8769-4F19-A04F-80CFE98D5C82}.Debug|x64.ActiveCfg = Debug|Any CPU
		{E4FB82D5-8769-4F19-A04F-80CFE98D5C82}.Debug|x64.Build.0 = Debug|Any CPU
		{E4FB82D5-8769-4F19-A04F-80CFE98D5C82}.Debug|x86.ActiveCfg = Debug|Any CPU
		{E4FB82D5-8769-4F19-A04F-80CFE98D5C82}.Debug|x86.Build.0 = Debug|Any CPU
		{E4FB82D5-8769-4F19-A04F-80CFE98D5C82}.Release|Any CPU.ActiveCfg = Release|Any CPU
		{E4FB82D5-8769-4F19-A04F-80CFE98D5C82}.Release|Any CPU.Build.0 = Release|Any CPU
		{E4FB82D5-8769-4F19-A04F-80CFE98D5C82}.Release|x64.ActiveCfg = Release|Any CPU
		{E4FB82D5-8769-4F19-A04F-80CFE98D5C82}.Release|x64.Build.0 = Release|Any CPU
		{E4FB82D5-8769-4F19-A04F-80CFE98D5C82}.Release|x86.ActiveCfg = Release|Any CPU
		{E4FB82D5-8769-4F19-A04F-80CFE98D5C82}.Release|x86.Build.0 = Release|Any CPU
		{3530A486-DCB9-470B-92CA-C9B794A99E92}.Debug|Any CPU.ActiveCfg = Debug|Any CPU
		{3530A486-DCB9-470B-92CA-C9B794A99E92}.Debug|Any CPU.Build.0 = Debug|Any CPU
		{3530A486-DCB9-470B-92CA-C9B794A99E92}.Debug|x64.ActiveCfg = Debug|Any CPU
		{3530A486-DCB9-470B-92CA-C9B794A99E92}.Debug|x64.Build.0 = Debug|Any CPU
		{3530A486-DCB9-470B-92CA-C9B794A99E92}.Debug|x86.ActiveCfg = Debug|Any CPU
		{3530A486-DCB9-470B-92CA-C9B794A99E92}.Debug|x86.Build.0 = Debug|Any CPU
		{3530A486-DCB9-470B-92CA-C9B794A99E92}.Release|Any CPU.ActiveCfg = Release|Any CPU
		{3530A486-DCB9-470B-92CA-C9B794A99E92}.Release|Any CPU.Build.0 = Release|Any CPU
		{3530A486-DCB9-470B-92CA-C9B794A99E92}.Release|x64.ActiveCfg = Release|Any CPU
		{3530A486-DCB9-470B-92CA-C9B794A99E92}.Release|x64.Build.0 = Release|Any CPU
		{3530A486-DCB9-470B-92CA-C9B794A99E92}.Release|x86.ActiveCfg = Release|Any CPU
		{3530A486-DCB9-470B-92CA-C9B794A99E92}.Release|x86.Build.0 = Release|Any CPU
		{16D17B16-DDC1-4AEB-A849-7CCB3D2B0E15}.Debug|Any CPU.ActiveCfg = Debug|Any CPU
		{16D17B16-DDC1-4AEB-A849-7CCB3D2B0E15}.Debug|Any CPU.Build.0 = Debug|Any CPU
		{16D17B16-DDC1-4AEB-A849-7CCB3D2B0E15}.Debug|x64.ActiveCfg = Debug|Any CPU
		{16D17B16-DDC1-4AEB-A849-7CCB3D2B0E15}.Debug|x64.Build.0 = Debug|Any CPU
		{16D17B16-DDC1-4AEB-A849-7CCB3D2B0E15}.Debug|x86.ActiveCfg = Debug|Any CPU
		{16D17B16-DDC1-4AEB-A849-7CCB3D2B0E15}.Debug|x86.Build.0 = Debug|Any CPU
		{16D17B16-DDC1-4AEB-A849-7CCB3D2B0E15}.Release|Any CPU.ActiveCfg = Release|Any CPU
		{16D17B16-DDC1-4AEB-A849-7CCB3D2B0E15}.Release|Any CPU.Build.0 = Release|Any CPU
		{16D17B16-DDC1-4AEB-A849-7CCB3D2B0E15}.Release|x64.ActiveCfg = Release|Any CPU
		{16D17B16-DDC1-4AEB-A849-7CCB3D2B0E15}.Release|x64.Build.0 = Release|Any CPU
		{16D17B16-DDC1-4AEB-A849-7CCB3D2B0E15}.Release|x86.ActiveCfg = Release|Any CPU
		{16D17B16-DDC1-4AEB-A849-7CCB3D2B0E15}.Release|x86.Build.0 = Release|Any CPU
		{4C624998-E8A3-4645-B9DE-394AA78314AD}.Debug|Any CPU.ActiveCfg = Debug|Any CPU
		{4C624998-E8A3-4645-B9DE-394AA78314AD}.Debug|Any CPU.Build.0 = Debug|Any CPU
		{4C624998-E8A3-4645-B9DE-394AA78314AD}.Debug|x64.ActiveCfg = Debug|Any CPU
		{4C624998-E8A3-4645-B9DE-394AA78314AD}.Debug|x64.Build.0 = Debug|Any CPU
		{4C624998-E8A3-4645-B9DE-394AA78314AD}.Debug|x86.ActiveCfg = Debug|Any CPU
		{4C624998-E8A3-4645-B9DE-394AA78314AD}.Debug|x86.Build.0 = Debug|Any CPU
		{4C624998-E8A3-4645-B9DE-394AA78314AD}.Release|Any CPU.ActiveCfg = Release|Any CPU
		{4C624998-E8A3-4645-B9DE-394AA78314AD}.Release|Any CPU.Build.0 = Release|Any CPU
		{4C624998-E8A3-4645-B9DE-394AA78314AD}.Release|x64.ActiveCfg = Release|Any CPU
		{4C624998-E8A3-4645-B9DE-394AA78314AD}.Release|x64.Build.0 = Release|Any CPU
		{4C624998-E8A3-4645-B9DE-394AA78314AD}.Release|x86.ActiveCfg = Release|Any CPU
		{4C624998-E8A3-4645-B9DE-394AA78314AD}.Release|x86.Build.0 = Release|Any CPU
		{A5DACC42-7133-4E87-AD7E-26D1435497C6}.Debug|Any CPU.ActiveCfg = Debug|Any CPU
		{A5DACC42-7133-4E87-AD7E-26D1435497C6}.Debug|Any CPU.Build.0 = Debug|Any CPU
		{A5DACC42-7133-4E87-AD7E-26D1435497C6}.Debug|x64.ActiveCfg = Debug|Any CPU
		{A5DACC42-7133-4E87-AD7E-26D1435497C6}.Debug|x64.Build.0 = Debug|Any CPU
		{A5DACC42-7133-4E87-AD7E-26D1435497C6}.Debug|x86.ActiveCfg = Debug|Any CPU
		{A5DACC42-7133-4E87-AD7E-26D1435497C6}.Debug|x86.Build.0 = Debug|Any CPU
		{A5DACC42-7133-4E87-AD7E-26D1435497C6}.Release|Any CPU.ActiveCfg = Release|Any CPU
		{A5DACC42-7133-4E87-AD7E-26D1435497C6}.Release|Any CPU.Build.0 = Release|Any CPU
		{A5DACC42-7133-4E87-AD7E-26D1435497C6}.Release|x64.ActiveCfg = Release|Any CPU
		{A5DACC42-7133-4E87-AD7E-26D1435497C6}.Release|x64.Build.0 = Release|Any CPU
		{A5DACC42-7133-4E87-AD7E-26D1435497C6}.Release|x86.ActiveCfg = Release|Any CPU
		{A5DACC42-7133-4E87-AD7E-26D1435497C6}.Release|x86.Build.0 = Release|Any CPU
		{1E1CAECF-FBEF-48CE-95CD-733DFF33D654}.Debug|Any CPU.ActiveCfg = Debug|Any CPU
		{1E1CAECF-FBEF-48CE-95CD-733DFF33D654}.Debug|Any CPU.Build.0 = Debug|Any CPU
		{1E1CAECF-FBEF-48CE-95CD-733DFF33D654}.Debug|x64.ActiveCfg = Debug|Any CPU
		{1E1CAECF-FBEF-48CE-95CD-733DFF33D654}.Debug|x64.Build.0 = Debug|Any CPU
		{1E1CAECF-FBEF-48CE-95CD-733DFF33D654}.Debug|x86.ActiveCfg = Debug|Any CPU
		{1E1CAECF-FBEF-48CE-95CD-733DFF33D654}.Debug|x86.Build.0 = Debug|Any CPU
		{1E1CAECF-FBEF-48CE-95CD-733DFF33D654}.Release|Any CPU.ActiveCfg = Release|Any CPU
		{1E1CAECF-FBEF-48CE-95CD-733DFF33D654}.Release|Any CPU.Build.0 = Release|Any CPU
		{1E1CAECF-FBEF-48CE-95CD-733DFF33D654}.Release|x64.ActiveCfg = Release|Any CPU
		{1E1CAECF-FBEF-48CE-95CD-733DFF33D654}.Release|x64.Build.0 = Release|Any CPU
		{1E1CAECF-FBEF-48CE-95CD-733DFF33D654}.Release|x86.ActiveCfg = Release|Any CPU
		{1E1CAECF-FBEF-48CE-95CD-733DFF33D654}.Release|x86.Build.0 = Release|Any CPU
		{74A31772-C645-4EAA-9EFD-D1D0751E0C39}.Debug|Any CPU.ActiveCfg = Debug|Any CPU
		{74A31772-C645-4EAA-9EFD-D1D0751E0C39}.Debug|Any CPU.Build.0 = Debug|Any CPU
		{74A31772-C645-4EAA-9EFD-D1D0751E0C39}.Debug|x64.ActiveCfg = Debug|Any CPU
		{74A31772-C645-4EAA-9EFD-D1D0751E0C39}.Debug|x64.Build.0 = Debug|Any CPU
		{74A31772-C645-4EAA-9EFD-D1D0751E0C39}.Debug|x86.ActiveCfg = Debug|Any CPU
		{74A31772-C645-4EAA-9EFD-D1D0751E0C39}.Debug|x86.Build.0 = Debug|Any CPU
		{74A31772-C645-4EAA-9EFD-D1D0751E0C39}.Release|Any CPU.ActiveCfg = Release|Any CPU
		{74A31772-C645-4EAA-9EFD-D1D0751E0C39}.Release|Any CPU.Build.0 = Release|Any CPU
		{74A31772-C645-4EAA-9EFD-D1D0751E0C39}.Release|x64.ActiveCfg = Release|Any CPU
		{74A31772-C645-4EAA-9EFD-D1D0751E0C39}.Release|x64.Build.0 = Release|Any CPU
		{74A31772-C645-4EAA-9EFD-D1D0751E0C39}.Release|x86.ActiveCfg = Release|Any CPU
		{74A31772-C645-4EAA-9EFD-D1D0751E0C39}.Release|x86.Build.0 = Release|Any CPU
		{EB5D6DDA-3B17-4045-B2EF-875BCAA9BC03}.Debug|Any CPU.ActiveCfg = Debug|Any CPU
		{EB5D6DDA-3B17-4045-B2EF-875BCAA9BC03}.Debug|Any CPU.Build.0 = Debug|Any CPU
		{EB5D6DDA-3B17-4045-B2EF-875BCAA9BC03}.Debug|x64.ActiveCfg = Debug|Any CPU
		{EB5D6DDA-3B17-4045-B2EF-875BCAA9BC03}.Debug|x64.Build.0 = Debug|Any CPU
		{EB5D6DDA-3B17-4045-B2EF-875BCAA9BC03}.Debug|x86.ActiveCfg = Debug|Any CPU
		{EB5D6DDA-3B17-4045-B2EF-875BCAA9BC03}.Debug|x86.Build.0 = Debug|Any CPU
		{EB5D6DDA-3B17-4045-B2EF-875BCAA9BC03}.Release|Any CPU.ActiveCfg = Release|Any CPU
		{EB5D6DDA-3B17-4045-B2EF-875BCAA9BC03}.Release|Any CPU.Build.0 = Release|Any CPU
		{EB5D6DDA-3B17-4045-B2EF-875BCAA9BC03}.Release|x64.ActiveCfg = Release|Any CPU
		{EB5D6DDA-3B17-4045-B2EF-875BCAA9BC03}.Release|x64.Build.0 = Release|Any CPU
		{EB5D6DDA-3B17-4045-B2EF-875BCAA9BC03}.Release|x86.ActiveCfg = Release|Any CPU
		{EB5D6DDA-3B17-4045-B2EF-875BCAA9BC03}.Release|x86.Build.0 = Release|Any CPU
		{4788CAAD-4EF9-4241-8150-EDEE6D6ED66F}.Debug|Any CPU.ActiveCfg = Debug|Any CPU
		{4788CAAD-4EF9-4241-8150-EDEE6D6ED66F}.Debug|Any CPU.Build.0 = Debug|Any CPU
		{4788CAAD-4EF9-4241-8150-EDEE6D6ED66F}.Debug|x64.ActiveCfg = Debug|Any CPU
		{4788CAAD-4EF9-4241-8150-EDEE6D6ED66F}.Debug|x64.Build.0 = Debug|Any CPU
		{4788CAAD-4EF9-4241-8150-EDEE6D6ED66F}.Debug|x86.ActiveCfg = Debug|Any CPU
		{4788CAAD-4EF9-4241-8150-EDEE6D6ED66F}.Debug|x86.Build.0 = Debug|Any CPU
		{4788CAAD-4EF9-4241-8150-EDEE6D6ED66F}.Release|Any CPU.ActiveCfg = Release|Any CPU
		{4788CAAD-4EF9-4241-8150-EDEE6D6ED66F}.Release|Any CPU.Build.0 = Release|Any CPU
		{4788CAAD-4EF9-4241-8150-EDEE6D6ED66F}.Release|x64.ActiveCfg = Release|Any CPU
		{4788CAAD-4EF9-4241-8150-EDEE6D6ED66F}.Release|x64.Build.0 = Release|Any CPU
		{4788CAAD-4EF9-4241-8150-EDEE6D6ED66F}.Release|x86.ActiveCfg = Release|Any CPU
		{4788CAAD-4EF9-4241-8150-EDEE6D6ED66F}.Release|x86.Build.0 = Release|Any CPU
		{90CDBA51-1391-466F-8149-E293E01AA7C0}.Debug|Any CPU.ActiveCfg = Debug|Any CPU
		{90CDBA51-1391-466F-8149-E293E01AA7C0}.Debug|Any CPU.Build.0 = Debug|Any CPU
		{90CDBA51-1391-466F-8149-E293E01AA7C0}.Debug|x64.ActiveCfg = Debug|Any CPU
		{90CDBA51-1391-466F-8149-E293E01AA7C0}.Debug|x64.Build.0 = Debug|Any CPU
		{90CDBA51-1391-466F-8149-E293E01AA7C0}.Debug|x86.ActiveCfg = Debug|Any CPU
		{90CDBA51-1391-466F-8149-E293E01AA7C0}.Debug|x86.Build.0 = Debug|Any CPU
		{90CDBA51-1391-466F-8149-E293E01AA7C0}.Release|Any CPU.ActiveCfg = Release|Any CPU
		{90CDBA51-1391-466F-8149-E293E01AA7C0}.Release|Any CPU.Build.0 = Release|Any CPU
		{90CDBA51-1391-466F-8149-E293E01AA7C0}.Release|x64.ActiveCfg = Release|Any CPU
		{90CDBA51-1391-466F-8149-E293E01AA7C0}.Release|x64.Build.0 = Release|Any CPU
		{90CDBA51-1391-466F-8149-E293E01AA7C0}.Release|x86.ActiveCfg = Release|Any CPU
		{90CDBA51-1391-466F-8149-E293E01AA7C0}.Release|x86.Build.0 = Release|Any CPU
		{2D17D57F-43FA-442B-8A0B-14B341E8482B}.Debug|Any CPU.ActiveCfg = Debug|Any CPU
		{2D17D57F-43FA-442B-8A0B-14B341E8482B}.Debug|Any CPU.Build.0 = Debug|Any CPU
		{2D17D57F-43FA-442B-8A0B-14B341E8482B}.Debug|x64.ActiveCfg = Debug|Any CPU
		{2D17D57F-43FA-442B-8A0B-14B341E8482B}.Debug|x64.Build.0 = Debug|Any CPU
		{2D17D57F-43FA-442B-8A0B-14B341E8482B}.Debug|x86.ActiveCfg = Debug|Any CPU
		{2D17D57F-43FA-442B-8A0B-14B341E8482B}.Debug|x86.Build.0 = Debug|Any CPU
		{2D17D57F-43FA-442B-8A0B-14B341E8482B}.Release|Any CPU.ActiveCfg = Release|Any CPU
		{2D17D57F-43FA-442B-8A0B-14B341E8482B}.Release|Any CPU.Build.0 = Release|Any CPU
		{2D17D57F-43FA-442B-8A0B-14B341E8482B}.Release|x64.ActiveCfg = Release|Any CPU
		{2D17D57F-43FA-442B-8A0B-14B341E8482B}.Release|x64.Build.0 = Release|Any CPU
		{2D17D57F-43FA-442B-8A0B-14B341E8482B}.Release|x86.ActiveCfg = Release|Any CPU
		{2D17D57F-43FA-442B-8A0B-14B341E8482B}.Release|x86.Build.0 = Release|Any CPU
		{50C70807-8AFB-412A-9741-DDC1FE48D153}.Debug|Any CPU.ActiveCfg = Debug|Any CPU
		{50C70807-8AFB-412A-9741-DDC1FE48D153}.Debug|Any CPU.Build.0 = Debug|Any CPU
		{50C70807-8AFB-412A-9741-DDC1FE48D153}.Debug|x64.ActiveCfg = Debug|Any CPU
		{50C70807-8AFB-412A-9741-DDC1FE48D153}.Debug|x64.Build.0 = Debug|Any CPU
		{50C70807-8AFB-412A-9741-DDC1FE48D153}.Debug|x86.ActiveCfg = Debug|Any CPU
		{50C70807-8AFB-412A-9741-DDC1FE48D153}.Debug|x86.Build.0 = Debug|Any CPU
		{50C70807-8AFB-412A-9741-DDC1FE48D153}.Release|Any CPU.ActiveCfg = Release|Any CPU
		{50C70807-8AFB-412A-9741-DDC1FE48D153}.Release|Any CPU.Build.0 = Release|Any CPU
		{50C70807-8AFB-412A-9741-DDC1FE48D153}.Release|x64.ActiveCfg = Release|Any CPU
		{50C70807-8AFB-412A-9741-DDC1FE48D153}.Release|x64.Build.0 = Release|Any CPU
		{50C70807-8AFB-412A-9741-DDC1FE48D153}.Release|x86.ActiveCfg = Release|Any CPU
		{50C70807-8AFB-412A-9741-DDC1FE48D153}.Release|x86.Build.0 = Release|Any CPU
		{59B5D7A8-B55F-4CFB-86C9-744718F4CE71}.Debug|Any CPU.ActiveCfg = Debug|Any CPU
		{59B5D7A8-B55F-4CFB-86C9-744718F4CE71}.Debug|Any CPU.Build.0 = Debug|Any CPU
		{59B5D7A8-B55F-4CFB-86C9-744718F4CE71}.Debug|x64.ActiveCfg = Debug|Any CPU
		{59B5D7A8-B55F-4CFB-86C9-744718F4CE71}.Debug|x64.Build.0 = Debug|Any CPU
		{59B5D7A8-B55F-4CFB-86C9-744718F4CE71}.Debug|x86.ActiveCfg = Debug|Any CPU
		{59B5D7A8-B55F-4CFB-86C9-744718F4CE71}.Debug|x86.Build.0 = Debug|Any CPU
		{59B5D7A8-B55F-4CFB-86C9-744718F4CE71}.Release|Any CPU.ActiveCfg = Release|Any CPU
		{59B5D7A8-B55F-4CFB-86C9-744718F4CE71}.Release|Any CPU.Build.0 = Release|Any CPU
		{59B5D7A8-B55F-4CFB-86C9-744718F4CE71}.Release|x64.ActiveCfg = Release|Any CPU
		{59B5D7A8-B55F-4CFB-86C9-744718F4CE71}.Release|x64.Build.0 = Release|Any CPU
		{59B5D7A8-B55F-4CFB-86C9-744718F4CE71}.Release|x86.ActiveCfg = Release|Any CPU
		{59B5D7A8-B55F-4CFB-86C9-744718F4CE71}.Release|x86.Build.0 = Release|Any CPU
		{9A2C4301-8CEB-4DDC-82D3-E8725621026B}.Debug|Any CPU.ActiveCfg = Debug|Any CPU
		{9A2C4301-8CEB-4DDC-82D3-E8725621026B}.Debug|Any CPU.Build.0 = Debug|Any CPU
		{9A2C4301-8CEB-4DDC-82D3-E8725621026B}.Debug|x64.ActiveCfg = Debug|Any CPU
		{9A2C4301-8CEB-4DDC-82D3-E8725621026B}.Debug|x64.Build.0 = Debug|Any CPU
		{9A2C4301-8CEB-4DDC-82D3-E8725621026B}.Debug|x86.ActiveCfg = Debug|Any CPU
		{9A2C4301-8CEB-4DDC-82D3-E8725621026B}.Debug|x86.Build.0 = Debug|Any CPU
		{9A2C4301-8CEB-4DDC-82D3-E8725621026B}.Release|Any CPU.ActiveCfg = Release|Any CPU
		{9A2C4301-8CEB-4DDC-82D3-E8725621026B}.Release|Any CPU.Build.0 = Release|Any CPU
		{9A2C4301-8CEB-4DDC-82D3-E8725621026B}.Release|x64.ActiveCfg = Release|Any CPU
		{9A2C4301-8CEB-4DDC-82D3-E8725621026B}.Release|x64.Build.0 = Release|Any CPU
		{9A2C4301-8CEB-4DDC-82D3-E8725621026B}.Release|x86.ActiveCfg = Release|Any CPU
		{9A2C4301-8CEB-4DDC-82D3-E8725621026B}.Release|x86.Build.0 = Release|Any CPU
		{5C763E23-053B-41E5-8E14-DC4FABFD5054}.Debug|Any CPU.ActiveCfg = Debug|Any CPU
		{5C763E23-053B-41E5-8E14-DC4FABFD5054}.Debug|Any CPU.Build.0 = Debug|Any CPU
		{5C763E23-053B-41E5-8E14-DC4FABFD5054}.Debug|x64.ActiveCfg = Debug|Any CPU
		{5C763E23-053B-41E5-8E14-DC4FABFD5054}.Debug|x64.Build.0 = Debug|Any CPU
		{5C763E23-053B-41E5-8E14-DC4FABFD5054}.Debug|x86.ActiveCfg = Debug|Any CPU
		{5C763E23-053B-41E5-8E14-DC4FABFD5054}.Debug|x86.Build.0 = Debug|Any CPU
		{5C763E23-053B-41E5-8E14-DC4FABFD5054}.Release|Any CPU.ActiveCfg = Release|Any CPU
		{5C763E23-053B-41E5-8E14-DC4FABFD5054}.Release|Any CPU.Build.0 = Release|Any CPU
		{5C763E23-053B-41E5-8E14-DC4FABFD5054}.Release|x64.ActiveCfg = Release|Any CPU
		{5C763E23-053B-41E5-8E14-DC4FABFD5054}.Release|x64.Build.0 = Release|Any CPU
		{5C763E23-053B-41E5-8E14-DC4FABFD5054}.Release|x86.ActiveCfg = Release|Any CPU
		{5C763E23-053B-41E5-8E14-DC4FABFD5054}.Release|x86.Build.0 = Release|Any CPU
		{2DB3CD7C-588B-4702-B6FE-D291929F1ADE}.Debug|Any CPU.ActiveCfg = Debug|Any CPU
		{2DB3CD7C-588B-4702-B6FE-D291929F1ADE}.Debug|Any CPU.Build.0 = Debug|Any CPU
		{2DB3CD7C-588B-4702-B6FE-D291929F1ADE}.Debug|x64.ActiveCfg = Debug|Any CPU
		{2DB3CD7C-588B-4702-B6FE-D291929F1ADE}.Debug|x64.Build.0 = Debug|Any CPU
		{2DB3CD7C-588B-4702-B6FE-D291929F1ADE}.Debug|x86.ActiveCfg = Debug|Any CPU
		{2DB3CD7C-588B-4702-B6FE-D291929F1ADE}.Debug|x86.Build.0 = Debug|Any CPU
		{2DB3CD7C-588B-4702-B6FE-D291929F1ADE}.Release|Any CPU.ActiveCfg = Release|Any CPU
		{2DB3CD7C-588B-4702-B6FE-D291929F1ADE}.Release|Any CPU.Build.0 = Release|Any CPU
		{2DB3CD7C-588B-4702-B6FE-D291929F1ADE}.Release|x64.ActiveCfg = Release|Any CPU
		{2DB3CD7C-588B-4702-B6FE-D291929F1ADE}.Release|x64.Build.0 = Release|Any CPU
		{2DB3CD7C-588B-4702-B6FE-D291929F1ADE}.Release|x86.ActiveCfg = Release|Any CPU
		{2DB3CD7C-588B-4702-B6FE-D291929F1ADE}.Release|x86.Build.0 = Release|Any CPU
		{1B522BBF-82E9-4ECF-BF31-102C1C9D9C75}.Debug|Any CPU.ActiveCfg = Debug|Any CPU
		{1B522BBF-82E9-4ECF-BF31-102C1C9D9C75}.Debug|Any CPU.Build.0 = Debug|Any CPU
		{1B522BBF-82E9-4ECF-BF31-102C1C9D9C75}.Debug|x64.ActiveCfg = Debug|Any CPU
		{1B522BBF-82E9-4ECF-BF31-102C1C9D9C75}.Debug|x64.Build.0 = Debug|Any CPU
		{1B522BBF-82E9-4ECF-BF31-102C1C9D9C75}.Debug|x86.ActiveCfg = Debug|Any CPU
		{1B522BBF-82E9-4ECF-BF31-102C1C9D9C75}.Debug|x86.Build.0 = Debug|Any CPU
		{1B522BBF-82E9-4ECF-BF31-102C1C9D9C75}.Release|Any CPU.ActiveCfg = Release|Any CPU
		{1B522BBF-82E9-4ECF-BF31-102C1C9D9C75}.Release|Any CPU.Build.0 = Release|Any CPU
		{1B522BBF-82E9-4ECF-BF31-102C1C9D9C75}.Release|x64.ActiveCfg = Release|Any CPU
		{1B522BBF-82E9-4ECF-BF31-102C1C9D9C75}.Release|x64.Build.0 = Release|Any CPU
		{1B522BBF-82E9-4ECF-BF31-102C1C9D9C75}.Release|x86.ActiveCfg = Release|Any CPU
		{1B522BBF-82E9-4ECF-BF31-102C1C9D9C75}.Release|x86.Build.0 = Release|Any CPU
		{D4CDE755-5F2E-4423-9B55-22F1E58C706B}.Debug|Any CPU.ActiveCfg = Debug|Any CPU
		{D4CDE755-5F2E-4423-9B55-22F1E58C706B}.Debug|Any CPU.Build.0 = Debug|Any CPU
		{D4CDE755-5F2E-4423-9B55-22F1E58C706B}.Debug|x64.ActiveCfg = Debug|Any CPU
		{D4CDE755-5F2E-4423-9B55-22F1E58C706B}.Debug|x64.Build.0 = Debug|Any CPU
		{D4CDE755-5F2E-4423-9B55-22F1E58C706B}.Debug|x86.ActiveCfg = Debug|Any CPU
		{D4CDE755-5F2E-4423-9B55-22F1E58C706B}.Debug|x86.Build.0 = Debug|Any CPU
		{D4CDE755-5F2E-4423-9B55-22F1E58C706B}.Release|Any CPU.ActiveCfg = Release|Any CPU
		{D4CDE755-5F2E-4423-9B55-22F1E58C706B}.Release|Any CPU.Build.0 = Release|Any CPU
		{D4CDE755-5F2E-4423-9B55-22F1E58C706B}.Release|x64.ActiveCfg = Release|Any CPU
		{D4CDE755-5F2E-4423-9B55-22F1E58C706B}.Release|x64.Build.0 = Release|Any CPU
		{D4CDE755-5F2E-4423-9B55-22F1E58C706B}.Release|x86.ActiveCfg = Release|Any CPU
		{D4CDE755-5F2E-4423-9B55-22F1E58C706B}.Release|x86.Build.0 = Release|Any CPU
		{DB43C5D2-B2E1-475C-974C-610395F1487F}.Debug|Any CPU.ActiveCfg = Debug|Any CPU
		{DB43C5D2-B2E1-475C-974C-610395F1487F}.Debug|Any CPU.Build.0 = Debug|Any CPU
		{DB43C5D2-B2E1-475C-974C-610395F1487F}.Debug|x64.ActiveCfg = Debug|Any CPU
		{DB43C5D2-B2E1-475C-974C-610395F1487F}.Debug|x64.Build.0 = Debug|Any CPU
		{DB43C5D2-B2E1-475C-974C-610395F1487F}.Debug|x86.ActiveCfg = Debug|Any CPU
		{DB43C5D2-B2E1-475C-974C-610395F1487F}.Debug|x86.Build.0 = Debug|Any CPU
		{DB43C5D2-B2E1-475C-974C-610395F1487F}.Release|Any CPU.ActiveCfg = Release|Any CPU
		{DB43C5D2-B2E1-475C-974C-610395F1487F}.Release|Any CPU.Build.0 = Release|Any CPU
		{DB43C5D2-B2E1-475C-974C-610395F1487F}.Release|x64.ActiveCfg = Release|Any CPU
		{DB43C5D2-B2E1-475C-974C-610395F1487F}.Release|x64.Build.0 = Release|Any CPU
		{DB43C5D2-B2E1-475C-974C-610395F1487F}.Release|x86.ActiveCfg = Release|Any CPU
		{DB43C5D2-B2E1-475C-974C-610395F1487F}.Release|x86.Build.0 = Release|Any CPU
		{349E9AF9-A6CD-40CB-9704-B980D2AFD5E7}.Debug|Any CPU.ActiveCfg = Debug|Any CPU
		{349E9AF9-A6CD-40CB-9704-B980D2AFD5E7}.Debug|Any CPU.Build.0 = Debug|Any CPU
		{349E9AF9-A6CD-40CB-9704-B980D2AFD5E7}.Debug|x64.ActiveCfg = Debug|Any CPU
		{349E9AF9-A6CD-40CB-9704-B980D2AFD5E7}.Debug|x64.Build.0 = Debug|Any CPU
		{349E9AF9-A6CD-40CB-9704-B980D2AFD5E7}.Debug|x86.ActiveCfg = Debug|Any CPU
		{349E9AF9-A6CD-40CB-9704-B980D2AFD5E7}.Debug|x86.Build.0 = Debug|Any CPU
		{349E9AF9-A6CD-40CB-9704-B980D2AFD5E7}.Release|Any CPU.ActiveCfg = Release|Any CPU
		{349E9AF9-A6CD-40CB-9704-B980D2AFD5E7}.Release|Any CPU.Build.0 = Release|Any CPU
		{349E9AF9-A6CD-40CB-9704-B980D2AFD5E7}.Release|x64.ActiveCfg = Release|Any CPU
		{349E9AF9-A6CD-40CB-9704-B980D2AFD5E7}.Release|x64.Build.0 = Release|Any CPU
		{349E9AF9-A6CD-40CB-9704-B980D2AFD5E7}.Release|x86.ActiveCfg = Release|Any CPU
		{349E9AF9-A6CD-40CB-9704-B980D2AFD5E7}.Release|x86.Build.0 = Release|Any CPU
		{E0EBF211-6750-4977-BF14-F75786BB071F}.Debug|Any CPU.ActiveCfg = Debug|Any CPU
		{E0EBF211-6750-4977-BF14-F75786BB071F}.Debug|Any CPU.Build.0 = Debug|Any CPU
		{E0EBF211-6750-4977-BF14-F75786BB071F}.Debug|x64.ActiveCfg = Debug|Any CPU
		{E0EBF211-6750-4977-BF14-F75786BB071F}.Debug|x64.Build.0 = Debug|Any CPU
		{E0EBF211-6750-4977-BF14-F75786BB071F}.Debug|x86.ActiveCfg = Debug|Any CPU
		{E0EBF211-6750-4977-BF14-F75786BB071F}.Debug|x86.Build.0 = Debug|Any CPU
		{E0EBF211-6750-4977-BF14-F75786BB071F}.Release|Any CPU.ActiveCfg = Release|Any CPU
		{E0EBF211-6750-4977-BF14-F75786BB071F}.Release|Any CPU.Build.0 = Release|Any CPU
		{E0EBF211-6750-4977-BF14-F75786BB071F}.Release|x64.ActiveCfg = Release|Any CPU
		{E0EBF211-6750-4977-BF14-F75786BB071F}.Release|x64.Build.0 = Release|Any CPU
		{E0EBF211-6750-4977-BF14-F75786BB071F}.Release|x86.ActiveCfg = Release|Any CPU
		{E0EBF211-6750-4977-BF14-F75786BB071F}.Release|x86.Build.0 = Release|Any CPU
		{91863CAB-9AB4-44DC-A33A-CCD1B82F1B56}.Debug|Any CPU.ActiveCfg = Debug|Any CPU
		{91863CAB-9AB4-44DC-A33A-CCD1B82F1B56}.Debug|Any CPU.Build.0 = Debug|Any CPU
		{91863CAB-9AB4-44DC-A33A-CCD1B82F1B56}.Debug|x64.ActiveCfg = Debug|Any CPU
		{91863CAB-9AB4-44DC-A33A-CCD1B82F1B56}.Debug|x64.Build.0 = Debug|Any CPU
		{91863CAB-9AB4-44DC-A33A-CCD1B82F1B56}.Debug|x86.ActiveCfg = Debug|Any CPU
		{91863CAB-9AB4-44DC-A33A-CCD1B82F1B56}.Debug|x86.Build.0 = Debug|Any CPU
		{91863CAB-9AB4-44DC-A33A-CCD1B82F1B56}.Release|Any CPU.ActiveCfg = Release|Any CPU
		{91863CAB-9AB4-44DC-A33A-CCD1B82F1B56}.Release|Any CPU.Build.0 = Release|Any CPU
		{91863CAB-9AB4-44DC-A33A-CCD1B82F1B56}.Release|x64.ActiveCfg = Release|Any CPU
		{91863CAB-9AB4-44DC-A33A-CCD1B82F1B56}.Release|x64.Build.0 = Release|Any CPU
		{91863CAB-9AB4-44DC-A33A-CCD1B82F1B56}.Release|x86.ActiveCfg = Release|Any CPU
		{91863CAB-9AB4-44DC-A33A-CCD1B82F1B56}.Release|x86.Build.0 = Release|Any CPU
		{F322CFF9-CD99-4D21-8859-F83DE531CA05}.Debug|Any CPU.ActiveCfg = Debug|Any CPU
		{F322CFF9-CD99-4D21-8859-F83DE531CA05}.Debug|Any CPU.Build.0 = Debug|Any CPU
		{F322CFF9-CD99-4D21-8859-F83DE531CA05}.Debug|x64.ActiveCfg = Debug|Any CPU
		{F322CFF9-CD99-4D21-8859-F83DE531CA05}.Debug|x64.Build.0 = Debug|Any CPU
		{F322CFF9-CD99-4D21-8859-F83DE531CA05}.Debug|x86.ActiveCfg = Debug|Any CPU
		{F322CFF9-CD99-4D21-8859-F83DE531CA05}.Debug|x86.Build.0 = Debug|Any CPU
		{F322CFF9-CD99-4D21-8859-F83DE531CA05}.Release|Any CPU.ActiveCfg = Release|Any CPU
		{F322CFF9-CD99-4D21-8859-F83DE531CA05}.Release|Any CPU.Build.0 = Release|Any CPU
		{F322CFF9-CD99-4D21-8859-F83DE531CA05}.Release|x64.ActiveCfg = Release|Any CPU
		{F322CFF9-CD99-4D21-8859-F83DE531CA05}.Release|x64.Build.0 = Release|Any CPU
		{F322CFF9-CD99-4D21-8859-F83DE531CA05}.Release|x86.ActiveCfg = Release|Any CPU
		{F322CFF9-CD99-4D21-8859-F83DE531CA05}.Release|x86.Build.0 = Release|Any CPU
		{A235280E-1046-4BDC-8C9B-105028883500}.Debug|Any CPU.ActiveCfg = Debug|Any CPU
		{A235280E-1046-4BDC-8C9B-105028883500}.Debug|Any CPU.Build.0 = Debug|Any CPU
		{A235280E-1046-4BDC-8C9B-105028883500}.Debug|x64.ActiveCfg = Debug|Any CPU
		{A235280E-1046-4BDC-8C9B-105028883500}.Debug|x64.Build.0 = Debug|Any CPU
		{A235280E-1046-4BDC-8C9B-105028883500}.Debug|x86.ActiveCfg = Debug|Any CPU
		{A235280E-1046-4BDC-8C9B-105028883500}.Debug|x86.Build.0 = Debug|Any CPU
		{A235280E-1046-4BDC-8C9B-105028883500}.Release|Any CPU.ActiveCfg = Release|Any CPU
		{A235280E-1046-4BDC-8C9B-105028883500}.Release|Any CPU.Build.0 = Release|Any CPU
		{A235280E-1046-4BDC-8C9B-105028883500}.Release|x64.ActiveCfg = Release|Any CPU
		{A235280E-1046-4BDC-8C9B-105028883500}.Release|x64.Build.0 = Release|Any CPU
		{A235280E-1046-4BDC-8C9B-105028883500}.Release|x86.ActiveCfg = Release|Any CPU
		{A235280E-1046-4BDC-8C9B-105028883500}.Release|x86.Build.0 = Release|Any CPU
		{3DBF06D3-FFF9-40B6-B8A2-C2C5EDAC44BE}.Debug|Any CPU.ActiveCfg = Debug|Any CPU
		{3DBF06D3-FFF9-40B6-B8A2-C2C5EDAC44BE}.Debug|Any CPU.Build.0 = Debug|Any CPU
		{3DBF06D3-FFF9-40B6-B8A2-C2C5EDAC44BE}.Debug|x64.ActiveCfg = Debug|Any CPU
		{3DBF06D3-FFF9-40B6-B8A2-C2C5EDAC44BE}.Debug|x64.Build.0 = Debug|Any CPU
		{3DBF06D3-FFF9-40B6-B8A2-C2C5EDAC44BE}.Debug|x86.ActiveCfg = Debug|Any CPU
		{3DBF06D3-FFF9-40B6-B8A2-C2C5EDAC44BE}.Debug|x86.Build.0 = Debug|Any CPU
		{3DBF06D3-FFF9-40B6-B8A2-C2C5EDAC44BE}.Release|Any CPU.ActiveCfg = Release|Any CPU
		{3DBF06D3-FFF9-40B6-B8A2-C2C5EDAC44BE}.Release|Any CPU.Build.0 = Release|Any CPU
		{3DBF06D3-FFF9-40B6-B8A2-C2C5EDAC44BE}.Release|x64.ActiveCfg = Release|Any CPU
		{3DBF06D3-FFF9-40B6-B8A2-C2C5EDAC44BE}.Release|x64.Build.0 = Release|Any CPU
		{3DBF06D3-FFF9-40B6-B8A2-C2C5EDAC44BE}.Release|x86.ActiveCfg = Release|Any CPU
		{3DBF06D3-FFF9-40B6-B8A2-C2C5EDAC44BE}.Release|x86.Build.0 = Release|Any CPU
		{B49C311E-6FC8-4B12-901A-7832A10873C0}.Debug|Any CPU.ActiveCfg = Debug|Any CPU
		{B49C311E-6FC8-4B12-901A-7832A10873C0}.Debug|Any CPU.Build.0 = Debug|Any CPU
		{B49C311E-6FC8-4B12-901A-7832A10873C0}.Debug|x64.ActiveCfg = Debug|Any CPU
		{B49C311E-6FC8-4B12-901A-7832A10873C0}.Debug|x64.Build.0 = Debug|Any CPU
		{B49C311E-6FC8-4B12-901A-7832A10873C0}.Debug|x86.ActiveCfg = Debug|Any CPU
		{B49C311E-6FC8-4B12-901A-7832A10873C0}.Debug|x86.Build.0 = Debug|Any CPU
		{B49C311E-6FC8-4B12-901A-7832A10873C0}.Release|Any CPU.ActiveCfg = Release|Any CPU
		{B49C311E-6FC8-4B12-901A-7832A10873C0}.Release|Any CPU.Build.0 = Release|Any CPU
		{B49C311E-6FC8-4B12-901A-7832A10873C0}.Release|x64.ActiveCfg = Release|Any CPU
		{B49C311E-6FC8-4B12-901A-7832A10873C0}.Release|x64.Build.0 = Release|Any CPU
		{B49C311E-6FC8-4B12-901A-7832A10873C0}.Release|x86.ActiveCfg = Release|Any CPU
		{B49C311E-6FC8-4B12-901A-7832A10873C0}.Release|x86.Build.0 = Release|Any CPU
		{9CFCD091-8CA0-451D-B3DB-F254BB6A8306}.Debug|Any CPU.ActiveCfg = Debug|Any CPU
		{9CFCD091-8CA0-451D-B3DB-F254BB6A8306}.Debug|Any CPU.Build.0 = Debug|Any CPU
		{9CFCD091-8CA0-451D-B3DB-F254BB6A8306}.Debug|x64.ActiveCfg = Debug|Any CPU
		{9CFCD091-8CA0-451D-B3DB-F254BB6A8306}.Debug|x64.Build.0 = Debug|Any CPU
		{9CFCD091-8CA0-451D-B3DB-F254BB6A8306}.Debug|x86.ActiveCfg = Debug|Any CPU
		{9CFCD091-8CA0-451D-B3DB-F254BB6A8306}.Debug|x86.Build.0 = Debug|Any CPU
		{9CFCD091-8CA0-451D-B3DB-F254BB6A8306}.Release|Any CPU.ActiveCfg = Release|Any CPU
		{9CFCD091-8CA0-451D-B3DB-F254BB6A8306}.Release|Any CPU.Build.0 = Release|Any CPU
		{9CFCD091-8CA0-451D-B3DB-F254BB6A8306}.Release|x64.ActiveCfg = Release|Any CPU
		{9CFCD091-8CA0-451D-B3DB-F254BB6A8306}.Release|x64.Build.0 = Release|Any CPU
		{9CFCD091-8CA0-451D-B3DB-F254BB6A8306}.Release|x86.ActiveCfg = Release|Any CPU
		{9CFCD091-8CA0-451D-B3DB-F254BB6A8306}.Release|x86.Build.0 = Release|Any CPU
		{E5F04703-111E-49B6-948A-66A0749FB007}.Debug|Any CPU.ActiveCfg = Debug|Any CPU
		{E5F04703-111E-49B6-948A-66A0749FB007}.Debug|Any CPU.Build.0 = Debug|Any CPU
		{E5F04703-111E-49B6-948A-66A0749FB007}.Debug|x64.ActiveCfg = Debug|Any CPU
		{E5F04703-111E-49B6-948A-66A0749FB007}.Debug|x64.Build.0 = Debug|Any CPU
		{E5F04703-111E-49B6-948A-66A0749FB007}.Debug|x86.ActiveCfg = Debug|Any CPU
		{E5F04703-111E-49B6-948A-66A0749FB007}.Debug|x86.Build.0 = Debug|Any CPU
		{E5F04703-111E-49B6-948A-66A0749FB007}.Release|Any CPU.ActiveCfg = Release|Any CPU
		{E5F04703-111E-49B6-948A-66A0749FB007}.Release|Any CPU.Build.0 = Release|Any CPU
		{E5F04703-111E-49B6-948A-66A0749FB007}.Release|x64.ActiveCfg = Release|Any CPU
		{E5F04703-111E-49B6-948A-66A0749FB007}.Release|x64.Build.0 = Release|Any CPU
		{E5F04703-111E-49B6-948A-66A0749FB007}.Release|x86.ActiveCfg = Release|Any CPU
		{E5F04703-111E-49B6-948A-66A0749FB007}.Release|x86.Build.0 = Release|Any CPU
		{DFABB2BE-4AB3-439A-B692-7D8AB680024E}.Debug|Any CPU.ActiveCfg = Debug|Any CPU
		{DFABB2BE-4AB3-439A-B692-7D8AB680024E}.Debug|Any CPU.Build.0 = Debug|Any CPU
		{DFABB2BE-4AB3-439A-B692-7D8AB680024E}.Debug|x64.ActiveCfg = Debug|Any CPU
		{DFABB2BE-4AB3-439A-B692-7D8AB680024E}.Debug|x64.Build.0 = Debug|Any CPU
		{DFABB2BE-4AB3-439A-B692-7D8AB680024E}.Debug|x86.ActiveCfg = Debug|Any CPU
		{DFABB2BE-4AB3-439A-B692-7D8AB680024E}.Debug|x86.Build.0 = Debug|Any CPU
		{DFABB2BE-4AB3-439A-B692-7D8AB680024E}.Release|Any CPU.ActiveCfg = Release|Any CPU
		{DFABB2BE-4AB3-439A-B692-7D8AB680024E}.Release|Any CPU.Build.0 = Release|Any CPU
		{DFABB2BE-4AB3-439A-B692-7D8AB680024E}.Release|x64.ActiveCfg = Release|Any CPU
		{DFABB2BE-4AB3-439A-B692-7D8AB680024E}.Release|x64.Build.0 = Release|Any CPU
		{DFABB2BE-4AB3-439A-B692-7D8AB680024E}.Release|x86.ActiveCfg = Release|Any CPU
		{DFABB2BE-4AB3-439A-B692-7D8AB680024E}.Release|x86.Build.0 = Release|Any CPU
		{5454BA9C-C677-4BD8-AF8A-1C4285CFAC2E}.Debug|Any CPU.ActiveCfg = Debug|Any CPU
		{5454BA9C-C677-4BD8-AF8A-1C4285CFAC2E}.Debug|Any CPU.Build.0 = Debug|Any CPU
		{5454BA9C-C677-4BD8-AF8A-1C4285CFAC2E}.Debug|x64.ActiveCfg = Debug|Any CPU
		{5454BA9C-C677-4BD8-AF8A-1C4285CFAC2E}.Debug|x64.Build.0 = Debug|Any CPU
		{5454BA9C-C677-4BD8-AF8A-1C4285CFAC2E}.Debug|x86.ActiveCfg = Debug|Any CPU
		{5454BA9C-C677-4BD8-AF8A-1C4285CFAC2E}.Debug|x86.Build.0 = Debug|Any CPU
		{5454BA9C-C677-4BD8-AF8A-1C4285CFAC2E}.Release|Any CPU.ActiveCfg = Release|Any CPU
		{5454BA9C-C677-4BD8-AF8A-1C4285CFAC2E}.Release|Any CPU.Build.0 = Release|Any CPU
		{5454BA9C-C677-4BD8-AF8A-1C4285CFAC2E}.Release|x64.ActiveCfg = Release|Any CPU
		{5454BA9C-C677-4BD8-AF8A-1C4285CFAC2E}.Release|x64.Build.0 = Release|Any CPU
		{5454BA9C-C677-4BD8-AF8A-1C4285CFAC2E}.Release|x86.ActiveCfg = Release|Any CPU
		{5454BA9C-C677-4BD8-AF8A-1C4285CFAC2E}.Release|x86.Build.0 = Release|Any CPU
		{CA064D21-05A7-46F3-9921-B7286098A4AE}.Debug|Any CPU.ActiveCfg = Debug|Any CPU
		{CA064D21-05A7-46F3-9921-B7286098A4AE}.Debug|Any CPU.Build.0 = Debug|Any CPU
		{CA064D21-05A7-46F3-9921-B7286098A4AE}.Debug|x64.ActiveCfg = Debug|Any CPU
		{CA064D21-05A7-46F3-9921-B7286098A4AE}.Debug|x64.Build.0 = Debug|Any CPU
		{CA064D21-05A7-46F3-9921-B7286098A4AE}.Debug|x86.ActiveCfg = Debug|Any CPU
		{CA064D21-05A7-46F3-9921-B7286098A4AE}.Debug|x86.Build.0 = Debug|Any CPU
		{CA064D21-05A7-46F3-9921-B7286098A4AE}.Release|Any CPU.ActiveCfg = Release|Any CPU
		{CA064D21-05A7-46F3-9921-B7286098A4AE}.Release|Any CPU.Build.0 = Release|Any CPU
		{CA064D21-05A7-46F3-9921-B7286098A4AE}.Release|x64.ActiveCfg = Release|Any CPU
		{CA064D21-05A7-46F3-9921-B7286098A4AE}.Release|x64.Build.0 = Release|Any CPU
		{CA064D21-05A7-46F3-9921-B7286098A4AE}.Release|x86.ActiveCfg = Release|Any CPU
		{CA064D21-05A7-46F3-9921-B7286098A4AE}.Release|x86.Build.0 = Release|Any CPU
		{9E4F9170-BEA7-45EC-BFB1-2F773F3EEF1F}.Debug|Any CPU.ActiveCfg = Debug|Any CPU
		{9E4F9170-BEA7-45EC-BFB1-2F773F3EEF1F}.Debug|Any CPU.Build.0 = Debug|Any CPU
		{9E4F9170-BEA7-45EC-BFB1-2F773F3EEF1F}.Debug|x64.ActiveCfg = Debug|Any CPU
		{9E4F9170-BEA7-45EC-BFB1-2F773F3EEF1F}.Debug|x64.Build.0 = Debug|Any CPU
		{9E4F9170-BEA7-45EC-BFB1-2F773F3EEF1F}.Debug|x86.ActiveCfg = Debug|Any CPU
		{9E4F9170-BEA7-45EC-BFB1-2F773F3EEF1F}.Debug|x86.Build.0 = Debug|Any CPU
		{9E4F9170-BEA7-45EC-BFB1-2F773F3EEF1F}.Release|Any CPU.ActiveCfg = Release|Any CPU
		{9E4F9170-BEA7-45EC-BFB1-2F773F3EEF1F}.Release|Any CPU.Build.0 = Release|Any CPU
		{9E4F9170-BEA7-45EC-BFB1-2F773F3EEF1F}.Release|x64.ActiveCfg = Release|Any CPU
		{9E4F9170-BEA7-45EC-BFB1-2F773F3EEF1F}.Release|x64.Build.0 = Release|Any CPU
		{9E4F9170-BEA7-45EC-BFB1-2F773F3EEF1F}.Release|x86.ActiveCfg = Release|Any CPU
		{9E4F9170-BEA7-45EC-BFB1-2F773F3EEF1F}.Release|x86.Build.0 = Release|Any CPU
		{7DAD9B07-A654-47FE-96C5-76F7BB44A15B}.Debug|Any CPU.ActiveCfg = Debug|Any CPU
		{7DAD9B07-A654-47FE-96C5-76F7BB44A15B}.Debug|Any CPU.Build.0 = Debug|Any CPU
		{7DAD9B07-A654-47FE-96C5-76F7BB44A15B}.Debug|x64.ActiveCfg = Debug|Any CPU
		{7DAD9B07-A654-47FE-96C5-76F7BB44A15B}.Debug|x64.Build.0 = Debug|Any CPU
		{7DAD9B07-A654-47FE-96C5-76F7BB44A15B}.Debug|x86.ActiveCfg = Debug|Any CPU
		{7DAD9B07-A654-47FE-96C5-76F7BB44A15B}.Debug|x86.Build.0 = Debug|Any CPU
		{7DAD9B07-A654-47FE-96C5-76F7BB44A15B}.Release|Any CPU.ActiveCfg = Release|Any CPU
		{7DAD9B07-A654-47FE-96C5-76F7BB44A15B}.Release|Any CPU.Build.0 = Release|Any CPU
		{7DAD9B07-A654-47FE-96C5-76F7BB44A15B}.Release|x64.ActiveCfg = Release|Any CPU
		{7DAD9B07-A654-47FE-96C5-76F7BB44A15B}.Release|x64.Build.0 = Release|Any CPU
		{7DAD9B07-A654-47FE-96C5-76F7BB44A15B}.Release|x86.ActiveCfg = Release|Any CPU
		{7DAD9B07-A654-47FE-96C5-76F7BB44A15B}.Release|x86.Build.0 = Release|Any CPU
		{96AC8B27-C235-47E9-8338-E8A57EA95C23}.Debug|Any CPU.ActiveCfg = Debug|Any CPU
		{96AC8B27-C235-47E9-8338-E8A57EA95C23}.Debug|Any CPU.Build.0 = Debug|Any CPU
		{96AC8B27-C235-47E9-8338-E8A57EA95C23}.Debug|x64.ActiveCfg = Debug|Any CPU
		{96AC8B27-C235-47E9-8338-E8A57EA95C23}.Debug|x64.Build.0 = Debug|Any CPU
		{96AC8B27-C235-47E9-8338-E8A57EA95C23}.Debug|x86.ActiveCfg = Debug|Any CPU
		{96AC8B27-C235-47E9-8338-E8A57EA95C23}.Debug|x86.Build.0 = Debug|Any CPU
		{96AC8B27-C235-47E9-8338-E8A57EA95C23}.Release|Any CPU.ActiveCfg = Release|Any CPU
		{96AC8B27-C235-47E9-8338-E8A57EA95C23}.Release|Any CPU.Build.0 = Release|Any CPU
		{96AC8B27-C235-47E9-8338-E8A57EA95C23}.Release|x64.ActiveCfg = Release|Any CPU
		{96AC8B27-C235-47E9-8338-E8A57EA95C23}.Release|x64.Build.0 = Release|Any CPU
		{96AC8B27-C235-47E9-8338-E8A57EA95C23}.Release|x86.ActiveCfg = Release|Any CPU
		{96AC8B27-C235-47E9-8338-E8A57EA95C23}.Release|x86.Build.0 = Release|Any CPU
		{11B432EB-6A19-48CC-B8BA-639412B9C3CF}.Debug|Any CPU.ActiveCfg = Debug|Any CPU
		{11B432EB-6A19-48CC-B8BA-639412B9C3CF}.Debug|Any CPU.Build.0 = Debug|Any CPU
		{11B432EB-6A19-48CC-B8BA-639412B9C3CF}.Debug|x64.ActiveCfg = Debug|Any CPU
		{11B432EB-6A19-48CC-B8BA-639412B9C3CF}.Debug|x64.Build.0 = Debug|Any CPU
		{11B432EB-6A19-48CC-B8BA-639412B9C3CF}.Debug|x86.ActiveCfg = Debug|Any CPU
		{11B432EB-6A19-48CC-B8BA-639412B9C3CF}.Debug|x86.Build.0 = Debug|Any CPU
		{11B432EB-6A19-48CC-B8BA-639412B9C3CF}.Release|Any CPU.ActiveCfg = Release|Any CPU
		{11B432EB-6A19-48CC-B8BA-639412B9C3CF}.Release|Any CPU.Build.0 = Release|Any CPU
		{11B432EB-6A19-48CC-B8BA-639412B9C3CF}.Release|x64.ActiveCfg = Release|Any CPU
		{11B432EB-6A19-48CC-B8BA-639412B9C3CF}.Release|x64.Build.0 = Release|Any CPU
		{11B432EB-6A19-48CC-B8BA-639412B9C3CF}.Release|x86.ActiveCfg = Release|Any CPU
		{11B432EB-6A19-48CC-B8BA-639412B9C3CF}.Release|x86.Build.0 = Release|Any CPU
		{073FB3B1-7B7D-4A0D-9F59-7727EAAAB1F0}.Debug|Any CPU.ActiveCfg = Debug|Any CPU
		{073FB3B1-7B7D-4A0D-9F59-7727EAAAB1F0}.Debug|Any CPU.Build.0 = Debug|Any CPU
		{073FB3B1-7B7D-4A0D-9F59-7727EAAAB1F0}.Debug|x64.ActiveCfg = Debug|Any CPU
		{073FB3B1-7B7D-4A0D-9F59-7727EAAAB1F0}.Debug|x64.Build.0 = Debug|Any CPU
		{073FB3B1-7B7D-4A0D-9F59-7727EAAAB1F0}.Debug|x86.ActiveCfg = Debug|Any CPU
		{073FB3B1-7B7D-4A0D-9F59-7727EAAAB1F0}.Debug|x86.Build.0 = Debug|Any CPU
		{073FB3B1-7B7D-4A0D-9F59-7727EAAAB1F0}.Release|Any CPU.ActiveCfg = Release|Any CPU
		{073FB3B1-7B7D-4A0D-9F59-7727EAAAB1F0}.Release|Any CPU.Build.0 = Release|Any CPU
		{073FB3B1-7B7D-4A0D-9F59-7727EAAAB1F0}.Release|x64.ActiveCfg = Release|Any CPU
		{073FB3B1-7B7D-4A0D-9F59-7727EAAAB1F0}.Release|x64.Build.0 = Release|Any CPU
		{073FB3B1-7B7D-4A0D-9F59-7727EAAAB1F0}.Release|x86.ActiveCfg = Release|Any CPU
		{073FB3B1-7B7D-4A0D-9F59-7727EAAAB1F0}.Release|x86.Build.0 = Release|Any CPU
		{0F860E7F-F4BC-4A37-8457-2560A1A0F6DC}.Debug|Any CPU.ActiveCfg = Debug|Any CPU
		{0F860E7F-F4BC-4A37-8457-2560A1A0F6DC}.Debug|Any CPU.Build.0 = Debug|Any CPU
		{0F860E7F-F4BC-4A37-8457-2560A1A0F6DC}.Debug|x64.ActiveCfg = Debug|Any CPU
		{0F860E7F-F4BC-4A37-8457-2560A1A0F6DC}.Debug|x64.Build.0 = Debug|Any CPU
		{0F860E7F-F4BC-4A37-8457-2560A1A0F6DC}.Debug|x86.ActiveCfg = Debug|Any CPU
		{0F860E7F-F4BC-4A37-8457-2560A1A0F6DC}.Debug|x86.Build.0 = Debug|Any CPU
		{0F860E7F-F4BC-4A37-8457-2560A1A0F6DC}.Release|Any CPU.ActiveCfg = Release|Any CPU
		{0F860E7F-F4BC-4A37-8457-2560A1A0F6DC}.Release|Any CPU.Build.0 = Release|Any CPU
		{0F860E7F-F4BC-4A37-8457-2560A1A0F6DC}.Release|x64.ActiveCfg = Release|Any CPU
		{0F860E7F-F4BC-4A37-8457-2560A1A0F6DC}.Release|x64.Build.0 = Release|Any CPU
		{0F860E7F-F4BC-4A37-8457-2560A1A0F6DC}.Release|x86.ActiveCfg = Release|Any CPU
		{0F860E7F-F4BC-4A37-8457-2560A1A0F6DC}.Release|x86.Build.0 = Release|Any CPU
	EndGlobalSection
	GlobalSection(SolutionProperties) = preSolution
		HideSolutionNode = FALSE
	EndGlobalSection
	GlobalSection(ExtensibilityGlobals) = postSolution
		SolutionGuid = {8D9814B4-BF80-479F-A598-9E3165357D97}
	EndGlobalSection
EndGlobal
